
Microsoft Visual Studio Solution File, Format Version 12.00
# Visual Studio Version 16
VisualStudioVersion = 16.0.30717.126
MinimumVisualStudioVersion = 10.0.40219.1
Project("{FAE04EC0-301F-11D3-BF4B-00C04F79EFBC}") = "ToPlan", "ToPlan\ToPlan.csproj", "{A464E4F7-1D0F-42B7-A5FC-EB98ADB6899C}"
EndProject
Global
	GlobalSection(SolutionConfigurationPlatforms) = preSolution
		Debug|Any CPU = Debug|Any CPU
		Release|Any CPU = Release|Any CPU
	EndGlobalSection
	GlobalSection(ProjectConfigurationPlatforms) = postSolution
		{A464E4F7-1D0F-42B7-A5FC-EB98ADB6899C}.Debug|Any CPU.ActiveCfg = Debug|Any CPU
		{A464E4F7-1D0F-42B7-A5FC-EB98ADB6899C}.Debug|Any CPU.Build.0 = Debug|Any CPU
		{A464E4F7-1D0F-42B7-A5FC-EB98ADB6899C}.Release|Any CPU.ActiveCfg = Release|Any CPU
		{A464E4F7-1D0F-42B7-A5FC-EB98ADB6899C}.Release|Any CPU.Build.0 = Release|Any CPU
	EndGlobalSection
	GlobalSection(SolutionProperties) = preSolution
		HideSolutionNode = FALSE
	EndGlobalSection
	GlobalSection(ExtensibilityGlobals) = postSolution
		SolutionGuid = {60F34554-9979-4EEB-9BAA-6FEDDBE4C1F4}
	EndGlobalSection
EndGlobal
